
Microsoft Visual Studio Solution File, Format Version 12.00
# Visual Studio Version 16
VisualStudioVersion = 16.0.30114.105
MinimumVisualStudioVersion = 10.0.40219.1
Project("{2150E333-8FDC-42A3-9474-1A3956D46DE8}") = "src", "src", "{B472E20B-D0EF-498F-995F-0EF2EF260B1E}"
EndProject
Project("{FAE04EC0-301F-11D3-BF4B-00C04F79EFBC}") = "NMica.Utils", "src\NMica.Utils\NMica.Utils.csproj", "{671804A1-5315-4D7C-A15A-F3D78AB5FF8F}"
EndProject
Project("{9A19103F-16F7-4668-BE54-9A1E7A4F7556}") = "_build", "build\_build.csproj", "{4901AB47-C64A-4016-AB05-1A37C6B89431}"
EndProject
Global
	GlobalSection(SolutionConfigurationPlatforms) = preSolution
		Debug|Any CPU = Debug|Any CPU
		Release|Any CPU = Release|Any CPU
	EndGlobalSection
	GlobalSection(SolutionProperties) = preSolution
		HideSolutionNode = FALSE
	EndGlobalSection
	GlobalSection(ProjectConfigurationPlatforms) = postSolution
		{4901AB47-C64A-4016-AB05-1A37C6B89431}.Debug|Any CPU.ActiveCfg = Debug|Any CPU
		{4901AB47-C64A-4016-AB05-1A37C6B89431}.Release|Any CPU.ActiveCfg = Release|Any CPU
		{671804A1-5315-4D7C-A15A-F3D78AB5FF8F}.Debug|Any CPU.ActiveCfg = Debug|Any CPU
		{671804A1-5315-4D7C-A15A-F3D78AB5FF8F}.Debug|Any CPU.Build.0 = Debug|Any CPU
		{671804A1-5315-4D7C-A15A-F3D78AB5FF8F}.Release|Any CPU.ActiveCfg = Release|Any CPU
		{671804A1-5315-4D7C-A15A-F3D78AB5FF8F}.Release|Any CPU.Build.0 = Release|Any CPU
	EndGlobalSection
	GlobalSection(NestedProjects) = preSolution
		{671804A1-5315-4D7C-A15A-F3D78AB5FF8F} = {B472E20B-D0EF-498F-995F-0EF2EF260B1E}
	EndGlobalSection
EndGlobal
